// !$*UTF8*$!
{
	archiveVersion = 1;
	classes = {
	};
	objectVersion = 55;
	objects = {

/* Begin PBXBuildFile section */
		4F093CC527A26B9200ABF605 /* SyleBoardView.swift in Sources */ = {isa = PBXBuildFile; fileRef = 4F093CC427A26B9200ABF605 /* SyleBoardView.swift */; };
		4F093CCA27A4600100ABF605 /* UserDataModel.swift in Sources */ = {isa = PBXBuildFile; fileRef = 4F093CC927A4600100ABF605 /* UserDataModel.swift */; };
		4F462DC827A0DDAA00DB3957 /* FirebaseAuth in Frameworks */ = {isa = PBXBuildFile; productRef = 4F462DC727A0DDAA00DB3957 /* FirebaseAuth */; };
		4F462DE527A0F66200DB3957 /* GoogleService-Info.plist in Resources */ = {isa = PBXBuildFile; fileRef = 4F462DDF27A0F66200DB3957 /* GoogleService-Info.plist */; };
		4F462DF127A0FC6500DB3957 /* AuthenticationStarterApp.swift in Sources */ = {isa = PBXBuildFile; fileRef = 4F462DE727A0FC6500DB3957 /* AuthenticationStarterApp.swift */; };
		4F462DF227A0FC6500DB3957 /* Assets.xcassets in Resources */ = {isa = PBXBuildFile; fileRef = 4F462DE827A0FC6500DB3957 /* Assets.xcassets */; };
		4F462DF327A0FC6500DB3957 /* Preview Assets.xcassets in Resources */ = {isa = PBXBuildFile; fileRef = 4F462DEA27A0FC6500DB3957 /* Preview Assets.xcassets */; };
		4F462DF427A0FC6500DB3957 /* ViewRouter.swift in Sources */ = {isa = PBXBuildFile; fileRef = 4F462DEB27A0FC6500DB3957 /* ViewRouter.swift */; };
		4F462DF527A0FC6500DB3957 /* HomeView.swift in Sources */ = {isa = PBXBuildFile; fileRef = 4F462DED27A0FC6500DB3957 /* HomeView.swift */; };
		4F462DF627A0FC6500DB3957 /* SignInView.swift in Sources */ = {isa = PBXBuildFile; fileRef = 4F462DEE27A0FC6500DB3957 /* SignInView.swift */; };
		4F462DF727A0FC6500DB3957 /* MotherView.swift in Sources */ = {isa = PBXBuildFile; fileRef = 4F462DEF27A0FC6500DB3957 /* MotherView.swift */; };
		4F462DF827A0FC6500DB3957 /* SignUpView.swift in Sources */ = {isa = PBXBuildFile; fileRef = 4F462DF027A0FC6500DB3957 /* SignUpView.swift */; };
/* End PBXBuildFile section */

/* Begin PBXFileReference section */
		4F093CC427A26B9200ABF605 /* SyleBoardView.swift */ = {isa = PBXFileReference; lastKnownFileType = sourcecode.swift; path = SyleBoardView.swift; sourceTree = "<group>"; };
		4F093CC927A4600100ABF605 /* UserDataModel.swift */ = {isa = PBXFileReference; lastKnownFileType = sourcecode.swift; path = UserDataModel.swift; sourceTree = "<group>"; };
		4F462D6327A08A6C00DB3957 /* Hikaku.app */ = {isa = PBXFileReference; explicitFileType = wrapper.application; includeInIndex = 0; path = Hikaku.app; sourceTree = BUILT_PRODUCTS_DIR; };
		4F462DDF27A0F66200DB3957 /* GoogleService-Info.plist */ = {isa = PBXFileReference; fileEncoding = 4; lastKnownFileType = text.plist.xml; path = "GoogleService-Info.plist"; sourceTree = "<group>"; };
		4F462DE727A0FC6500DB3957 /* AuthenticationStarterApp.swift */ = {isa = PBXFileReference; fileEncoding = 4; lastKnownFileType = sourcecode.swift; path = AuthenticationStarterApp.swift; sourceTree = "<group>"; };
		4F462DE827A0FC6500DB3957 /* Assets.xcassets */ = {isa = PBXFileReference; lastKnownFileType = folder.assetcatalog; path = Assets.xcassets; sourceTree = "<group>"; };
		4F462DEA27A0FC6500DB3957 /* Preview Assets.xcassets */ = {isa = PBXFileReference; lastKnownFileType = folder.assetcatalog; path = "Preview Assets.xcassets"; sourceTree = "<group>"; };
		4F462DEB27A0FC6500DB3957 /* ViewRouter.swift */ = {isa = PBXFileReference; fileEncoding = 4; lastKnownFileType = sourcecode.swift; path = ViewRouter.swift; sourceTree = "<group>"; };
		4F462DED27A0FC6500DB3957 /* HomeView.swift */ = {isa = PBXFileReference; fileEncoding = 4; lastKnownFileType = sourcecode.swift; path = HomeView.swift; sourceTree = "<group>"; };
		4F462DEE27A0FC6500DB3957 /* SignInView.swift */ = {isa = PBXFileReference; fileEncoding = 4; lastKnownFileType = sourcecode.swift; path = SignInView.swift; sourceTree = "<group>"; };
		4F462DEF27A0FC6500DB3957 /* MotherView.swift */ = {isa = PBXFileReference; fileEncoding = 4; lastKnownFileType = sourcecode.swift; path = MotherView.swift; sourceTree = "<group>"; };
		4F462DF027A0FC6500DB3957 /* SignUpView.swift */ = {isa = PBXFileReference; fileEncoding = 4; lastKnownFileType = sourcecode.swift; path = SignUpView.swift; sourceTree = "<group>"; };
/* End PBXFileReference section */

/* Begin PBXFrameworksBuildPhase section */
		4F462D6027A08A6C00DB3957 /* Frameworks */ = {
			isa = PBXFrameworksBuildPhase;
			buildActionMask = 2147483647;
			files = (
				4F462DC827A0DDAA00DB3957 /* FirebaseAuth in Frameworks */,
			);
			runOnlyForDeploymentPostprocessing = 0;
		};
/* End PBXFrameworksBuildPhase section */

/* Begin PBXGroup section */
		4F093CC627A45FBF00ABF605 /* ViewModels */ = {
			isa = PBXGroup;
			children = (
				4F093CC927A4600100ABF605 /* UserDataModel.swift */,
			);
			path = ViewModels;
			sourceTree = "<group>";
		};
		4F462D5A27A08A6C00DB3957 = {
			isa = PBXGroup;
			children = (
				4F462DDF27A0F66200DB3957 /* GoogleService-Info.plist */,
				4F462DE627A0FC6500DB3957 /* AuthenticationStarter */,
				4F462D6427A08A6C00DB3957 /* Products */,
			);
			sourceTree = "<group>";
		};
		4F462D6427A08A6C00DB3957 /* Products */ = {
			isa = PBXGroup;
			children = (
				4F462D6327A08A6C00DB3957 /* Hikaku.app */,
			);
			name = Products;
			sourceTree = "<group>";
		};
		4F462DE627A0FC6500DB3957 /* AuthenticationStarter */ = {
			isa = PBXGroup;
			children = (
				4F462DEB27A0FC6500DB3957 /* ViewRouter.swift */,
				4F462DE727A0FC6500DB3957 /* AuthenticationStarterApp.swift */,
				4F462DEC27A0FC6500DB3957 /* Views */,
				4F093CC627A45FBF00ABF605 /* ViewModels */,
				4F462DE827A0FC6500DB3957 /* Assets.xcassets */,
				4F462DE927A0FC6500DB3957 /* Preview Content */,
			);
			path = AuthenticationStarter;
			sourceTree = "<group>";
		};
		4F462DE927A0FC6500DB3957 /* Preview Content */ = {
			isa = PBXGroup;
			children = (
				4F462DEA27A0FC6500DB3957 /* Preview Assets.xcassets */,
			);
			path = "Preview Content";
			sourceTree = "<group>";
		};
		4F462DEC27A0FC6500DB3957 /* Views */ = {
			isa = PBXGroup;
			children = (
				4F462DED27A0FC6500DB3957 /* HomeView.swift */,
				4F462DEE27A0FC6500DB3957 /* SignInView.swift */,
				4F462DEF27A0FC6500DB3957 /* MotherView.swift */,
				4F462DF027A0FC6500DB3957 /* SignUpView.swift */,
				4F093CC427A26B9200ABF605 /* SyleBoardView.swift */,
			);
			path = Views;
			sourceTree = "<group>";
		};
/* End PBXGroup section */

/* Begin PBXNativeTarget section */
		4F462D6227A08A6C00DB3957 /* Hikaku */ = {
			isa = PBXNativeTarget;
			buildConfigurationList = 4F462D7127A08A6F00DB3957 /* Build configuration list for PBXNativeTarget "Hikaku" */;
			buildPhases = (
				4F462D5F27A08A6C00DB3957 /* Sources */,
				4F462D6027A08A6C00DB3957 /* Frameworks */,
				4F462D6127A08A6C00DB3957 /* Resources */,
			);
			buildRules = (
			);
			dependencies = (
			);
			name = Hikaku;
			packageProductDependencies = (
				4F462DC727A0DDAA00DB3957 /* FirebaseAuth */,
			);
			productName = Hikaku;
			productReference = 4F462D6327A08A6C00DB3957 /* Hikaku.app */;
			productType = "com.apple.product-type.application";
		};
/* End PBXNativeTarget section */

/* Begin PBXProject section */
		4F462D5B27A08A6C00DB3957 /* Project object */ = {
			isa = PBXProject;
			attributes = {
				BuildIndependentTargetsInParallel = 1;
				LastSwiftUpdateCheck = 1320;
				LastUpgradeCheck = 1320;
				TargetAttributes = {
					4F462D6227A08A6C00DB3957 = {
						CreatedOnToolsVersion = 13.2.1;
						LastSwiftMigration = 1320;
					};
				};
			};
			buildConfigurationList = 4F462D5E27A08A6C00DB3957 /* Build configuration list for PBXProject "Hikaku" */;
			compatibilityVersion = "Xcode 13.0";
			developmentRegion = en;
			hasScannedForEncodings = 0;
			knownRegions = (
				en,
				Base,
			);
			mainGroup = 4F462D5A27A08A6C00DB3957;
			packageReferences = (
				4F462DC627A0DDAA00DB3957 /* XCRemoteSwiftPackageReference "firebase-ios-sdk" */,
			);
			productRefGroup = 4F462D6427A08A6C00DB3957 /* Products */;
			projectDirPath = "";
			projectRoot = "";
			targets = (
				4F462D6227A08A6C00DB3957 /* Hikaku */,
			);
		};
/* End PBXProject section */

/* Begin PBXResourcesBuildPhase section */
		4F462D6127A08A6C00DB3957 /* Resources */ = {
			isa = PBXResourcesBuildPhase;
			buildActionMask = 2147483647;
			files = (
				4F462DF327A0FC6500DB3957 /* Preview Assets.xcassets in Resources */,
				4F462DF227A0FC6500DB3957 /* Assets.xcassets in Resources */,
				4F462DE527A0F66200DB3957 /* GoogleService-Info.plist in Resources */,
			);
			runOnlyForDeploymentPostprocessing = 0;
		};
/* End PBXResourcesBuildPhase section */

/* Begin PBXSourcesBuildPhase section */
		4F462D5F27A08A6C00DB3957 /* Sources */ = {
			isa = PBXSourcesBuildPhase;
			buildActionMask = 2147483647;
			files = (
				4F093CCA27A4600100ABF605 /* UserDataModel.swift in Sources */,
				4F462DF527A0FC6500DB3957 /* HomeView.swift in Sources */,
				4F462DF127A0FC6500DB3957 /* AuthenticationStarterApp.swift in Sources */,
				4F462DF727A0FC6500DB3957 /* MotherView.swift in Sources */,
				4F093CC527A26B9200ABF605 /* SyleBoardView.swift in Sources */,
				4F462DF427A0FC6500DB3957 /* ViewRouter.swift in Sources */,
				4F462DF827A0FC6500DB3957 /* SignUpView.swift in Sources */,
				4F462DF627A0FC6500DB3957 /* SignInView.swift in Sources */,
			);
			runOnlyForDeploymentPostprocessing = 0;
		};
/* End PBXSourcesBuildPhase section */

/* Begin XCBuildConfiguration section */
		4F462D6F27A08A6F00DB3957 /* Debug */ = {
			isa = XCBuildConfiguration;
			buildSettings = {
				ALWAYS_SEARCH_USER_PATHS = NO;
				CLANG_ANALYZER_NONNULL = YES;
				CLANG_ANALYZER_NUMBER_OBJECT_CONVERSION = YES_AGGRESSIVE;
				CLANG_CXX_LANGUAGE_STANDARD = "gnu++17";
				CLANG_CXX_LIBRARY = "libc++";
				CLANG_ENABLE_MODULES = YES;
				CLANG_ENABLE_OBJC_ARC = YES;
				CLANG_ENABLE_OBJC_WEAK = YES;
				CLANG_WARN_BLOCK_CAPTURE_AUTORELEASING = YES;
				CLANG_WARN_BOOL_CONVERSION = YES;
				CLANG_WARN_COMMA = YES;
				CLANG_WARN_CONSTANT_CONVERSION = YES;
				CLANG_WARN_DEPRECATED_OBJC_IMPLEMENTATIONS = YES;
				CLANG_WARN_DIRECT_OBJC_ISA_USAGE = YES_ERROR;
				CLANG_WARN_DOCUMENTATION_COMMENTS = YES;
				CLANG_WARN_EMPTY_BODY = YES;
				CLANG_WARN_ENUM_CONVERSION = YES;
				CLANG_WARN_INFINITE_RECURSION = YES;
				CLANG_WARN_INT_CONVERSION = YES;
				CLANG_WARN_NON_LITERAL_NULL_CONVERSION = YES;
				CLANG_WARN_OBJC_IMPLICIT_RETAIN_SELF = YES;
				CLANG_WARN_OBJC_LITERAL_CONVERSION = YES;
				CLANG_WARN_OBJC_ROOT_CLASS = YES_ERROR;
				CLANG_WARN_QUOTED_INCLUDE_IN_FRAMEWORK_HEADER = YES;
				CLANG_WARN_RANGE_LOOP_ANALYSIS = YES;
				CLANG_WARN_STRICT_PROTOTYPES = YES;
				CLANG_WARN_SUSPICIOUS_MOVE = YES;
				CLANG_WARN_UNGUARDED_AVAILABILITY = YES_AGGRESSIVE;
				CLANG_WARN_UNREACHABLE_CODE = YES;
				CLANG_WARN__DUPLICATE_METHOD_MATCH = YES;
				COPY_PHASE_STRIP = NO;
				DEBUG_INFORMATION_FORMAT = dwarf;
				ENABLE_STRICT_OBJC_MSGSEND = YES;
				ENABLE_TESTABILITY = YES;
				GCC_C_LANGUAGE_STANDARD = gnu11;
				GCC_DYNAMIC_NO_PIC = NO;
				GCC_NO_COMMON_BLOCKS = YES;
				GCC_OPTIMIZATION_LEVEL = 0;
				GCC_PREPROCESSOR_DEFINITIONS = (
					"DEBUG=1",
					"$(inherited)",
				);
				GCC_WARN_64_TO_32_BIT_CONVERSION = YES;
				GCC_WARN_ABOUT_RETURN_TYPE = YES_ERROR;
				GCC_WARN_UNDECLARED_SELECTOR = YES;
				GCC_WARN_UNINITIALIZED_AUTOS = YES_AGGRESSIVE;
				GCC_WARN_UNUSED_FUNCTION = YES;
				GCC_WARN_UNUSED_VARIABLE = YES;
				IPHONEOS_DEPLOYMENT_TARGET = 15.2;
				MTL_ENABLE_DEBUG_INFO = INCLUDE_SOURCE;
				MTL_FAST_MATH = YES;
				ONLY_ACTIVE_ARCH = YES;
				SDKROOT = iphoneos;
				SWIFT_ACTIVE_COMPILATION_CONDITIONS = DEBUG;
				SWIFT_OPTIMIZATION_LEVEL = "-Onone";
			};
			name = Debug;
		};
		4F462D7027A08A6F00DB3957 /* Release */ = {
			isa = XCBuildConfiguration;
			buildSettings = {
				ALWAYS_SEARCH_USER_PATHS = NO;
				CLANG_ANALYZER_NONNULL = YES;
				CLANG_ANALYZER_NUMBER_OBJECT_CONVERSION = YES_AGGRESSIVE;
				CLANG_CXX_LANGUAGE_STANDARD = "gnu++17";
				CLANG_CXX_LIBRARY = "libc++";
				CLANG_ENABLE_MODULES = YES;
				CLANG_ENABLE_OBJC_ARC = YES;
				CLANG_ENABLE_OBJC_WEAK = YES;
				CLANG_WARN_BLOCK_CAPTURE_AUTORELEASING = YES;
				CLANG_WARN_BOOL_CONVERSION = YES;
				CLANG_WARN_COMMA = YES;
				CLANG_WARN_CONSTANT_CONVERSION = YES;
				CLANG_WARN_DEPRECATED_OBJC_IMPLEMENTATIONS = YES;
				CLANG_WARN_DIRECT_OBJC_ISA_USAGE = YES_ERROR;
				CLANG_WARN_DOCUMENTATION_COMMENTS = YES;
				CLANG_WARN_EMPTY_BODY = YES;
				CLANG_WARN_ENUM_CONVERSION = YES;
				CLANG_WARN_INFINITE_RECURSION = YES;
				CLANG_WARN_INT_CONVERSION = YES;
				CLANG_WARN_NON_LITERAL_NULL_CONVERSION = YES;
				CLANG_WARN_OBJC_IMPLICIT_RETAIN_SELF = YES;
				CLANG_WARN_OBJC_LITERAL_CONVERSION = YES;
				CLANG_WARN_OBJC_ROOT_CLASS = YES_ERROR;
				CLANG_WARN_QUOTED_INCLUDE_IN_FRAMEWORK_HEADER = YES;
				CLANG_WARN_RANGE_LOOP_ANALYSIS = YES;
				CLANG_WARN_STRICT_PROTOTYPES = YES;
				CLANG_WARN_SUSPICIOUS_MOVE = YES;
				CLANG_WARN_UNGUARDED_AVAILABILITY = YES_AGGRESSIVE;
				CLANG_WARN_UNREACHABLE_CODE = YES;
				CLANG_WARN__DUPLICATE_METHOD_MATCH = YES;
				COPY_PHASE_STRIP = NO;
				DEBUG_INFORMATION_FORMAT = "dwarf-with-dsym";
				ENABLE_NS_ASSERTIONS = NO;
				ENABLE_STRICT_OBJC_MSGSEND = YES;
				GCC_C_LANGUAGE_STANDARD = gnu11;
				GCC_NO_COMMON_BLOCKS = YES;
				GCC_WARN_64_TO_32_BIT_CONVERSION = YES;
				GCC_WARN_ABOUT_RETURN_TYPE = YES_ERROR;
				GCC_WARN_UNDECLARED_SELECTOR = YES;
				GCC_WARN_UNINITIALIZED_AUTOS = YES_AGGRESSIVE;
				GCC_WARN_UNUSED_FUNCTION = YES;
				GCC_WARN_UNUSED_VARIABLE = YES;
				IPHONEOS_DEPLOYMENT_TARGET = 15.2;
				MTL_ENABLE_DEBUG_INFO = NO;
				MTL_FAST_MATH = YES;
				SDKROOT = iphoneos;
				SWIFT_COMPILATION_MODE = wholemodule;
				SWIFT_OPTIMIZATION_LEVEL = "-O";
				VALIDATE_PRODUCT = YES;
			};
			name = Release;
		};
		4F462D7227A08A6F00DB3957 /* Debug */ = {
			isa = XCBuildConfiguration;
			buildSettings = {
				ASSETCATALOG_COMPILER_APPICON_NAME = AppIcon;
				ASSETCATALOG_COMPILER_GLOBAL_ACCENT_COLOR_NAME = AccentColor;
				CLANG_ENABLE_MODULES = YES;
				CODE_SIGN_STYLE = Automatic;
				CURRENT_PROJECT_VERSION = 1;
				DEVELOPMENT_ASSET_PATHS = "\"AuthenticationStarter/Preview Content\"";
				DEVELOPMENT_TEAM = K8QV8Q3232;
				ENABLE_PREVIEWS = YES;
				GENERATE_INFOPLIST_FILE = YES;
				INFOPLIST_KEY_UIApplicationSceneManifest_Generation = YES;
				INFOPLIST_KEY_UIApplicationSupportsIndirectInputEvents = YES;
				INFOPLIST_KEY_UILaunchScreen_Generation = YES;
				INFOPLIST_KEY_UISupportedInterfaceOrientations_iPad = "UIInterfaceOrientationPortrait UIInterfaceOrientationPortraitUpsideDown UIInterfaceOrientationLandscapeLeft UIInterfaceOrientationLandscapeRight";
				INFOPLIST_KEY_UISupportedInterfaceOrientations_iPhone = "UIInterfaceOrientationPortrait UIInterfaceOrientationLandscapeLeft UIInterfaceOrientationLandscapeRight";
				LD_RUNPATH_SEARCH_PATHS = (
					"$(inherited)",
					"@executable_path/Frameworks",
				);
				MARKETING_VERSION = 1.0;
				PRODUCT_BUNDLE_IDENTIFIER = com.WaterLilly.hikaku;
				PRODUCT_NAME = "$(TARGET_NAME)";
				SWIFT_EMIT_LOC_STRINGS = YES;
				SWIFT_OPTIMIZATION_LEVEL = "-Onone";
				SWIFT_VERSION = 5.0;
				TARGETED_DEVICE_FAMILY = "1,2";
			};
			name = Debug;
		};
		4F462D7327A08A6F00DB3957 /* Release */ = {
			isa = XCBuildConfiguration;
			buildSettings = {
				ASSETCATALOG_COMPILER_APPICON_NAME = AppIcon;
				ASSETCATALOG_COMPILER_GLOBAL_ACCENT_COLOR_NAME = AccentColor;
				CLANG_ENABLE_MODULES = YES;
				CODE_SIGN_STYLE = Automatic;
				CURRENT_PROJECT_VERSION = 1;
				DEVELOPMENT_ASSET_PATHS = "\"AuthenticationStarter/Preview Content\"";
				DEVELOPMENT_TEAM = K8QV8Q3232;
				ENABLE_PREVIEWS = YES;
				GENERATE_INFOPLIST_FILE = YES;
				INFOPLIST_KEY_UIApplicationSceneManifest_Generation = YES;
				INFOPLIST_KEY_UIApplicationSupportsIndirectInputEvents = YES;
				INFOPLIST_KEY_UILaunchScreen_Generation = YES;
				INFOPLIST_KEY_UISupportedInterfaceOrientations_iPad = "UIInterfaceOrientationPortrait UIInterfaceOrientationPortraitUpsideDown UIInterfaceOrientationLandscapeLeft UIInterfaceOrientationLandscapeRight";
				INFOPLIST_KEY_UISupportedInterfaceOrientations_iPhone = "UIInterfaceOrientationPortrait UIInterfaceOrientationLandscapeLeft UIInterfaceOrientationLandscapeRight";
				LD_RUNPATH_SEARCH_PATHS = (
					"$(inherited)",
					"@executable_path/Frameworks",
				);
				MARKETING_VERSION = 1.0;
				PRODUCT_BUNDLE_IDENTIFIER = com.WaterLilly.hikaku;
				PRODUCT_NAME = "$(TARGET_NAME)";
				SWIFT_EMIT_LOC_STRINGS = YES;
				SWIFT_VERSION = 5.0;
				TARGETED_DEVICE_FAMILY = "1,2";
			};
			name = Release;
		};
/* End XCBuildConfiguration section */

/* Begin XCConfigurationList section */
		4F462D5E27A08A6C00DB3957 /* Build configuration list for PBXProject "Hikaku" */ = {
			isa = XCConfigurationList;
			buildConfigurations = (
				4F462D6F27A08A6F00DB3957 /* Debug */,
				4F462D7027A08A6F00DB3957 /* Release */,
			);
			defaultConfigurationIsVisible = 0;
			defaultConfigurationName = Release;
		};
		4F462D7127A08A6F00DB3957 /* Build configuration list for PBXNativeTarget "Hikaku" */ = {
			isa = XCConfigurationList;
			buildConfigurations = (
				4F462D7227A08A6F00DB3957 /* Debug */,
				4F462D7327A08A6F00DB3957 /* Release */,
			);
			defaultConfigurationIsVisible = 0;
			defaultConfigurationName = Release;
		};
/* End XCConfigurationList section */

/* Begin XCRemoteSwiftPackageReference section */
		4F462DC627A0DDAA00DB3957 /* XCRemoteSwiftPackageReference "firebase-ios-sdk" */ = {
			isa = XCRemoteSwiftPackageReference;
			repositoryURL = "https://github.com/firebase/firebase-ios-sdk";
			requirement = {
				kind = upToNextMajorVersion;
				minimumVersion = 8.0.0;
			};
		};
/* End XCRemoteSwiftPackageReference section */

/* Begin XCSwiftPackageProductDependency section */
		4F462DC727A0DDAA00DB3957 /* FirebaseAuth */ = {
			isa = XCSwiftPackageProductDependency;
			package = 4F462DC627A0DDAA00DB3957 /* XCRemoteSwiftPackageReference "firebase-ios-sdk" */;
			productName = FirebaseAuth;
		};
/* End XCSwiftPackageProductDependency section */
	};
	rootObject = 4F462D5B27A08A6C00DB3957 /* Project object */;
}
